
Microsoft Visual Studio Solution File, Format Version 12.00
# Visual Studio Version 17
VisualStudioVersion = 17.9.34616.47
MinimumVisualStudioVersion = 10.0.40219.1
Project("{9A19103F-16F7-4668-BE54-9A1E7A4F7556}") = "HistoryBrowser", "HistoryBrowser.csproj", "{119F4372-69D1-459B-9EB0-66750F75C642}"
EndProject
Global
	GlobalSection(SolutionConfigurationPlatforms) = preSolution
		Debug|Any CPU = Debug|Any CPU
		Release|Any CPU = Release|Any CPU
	EndGlobalSection
	GlobalSection(ProjectConfigurationPlatforms) = postSolution
		{119F4372-69D1-459B-9EB0-66750F75C642}.Debug|Any CPU.ActiveCfg = Debug|Any CPU
		{119F4372-69D1-459B-9EB0-66750F75C642}.Debug|Any CPU.Build.0 = Debug|Any CPU
		{119F4372-69D1-459B-9EB0-66750F75C642}.Release|Any CPU.ActiveCfg = Release|Any CPU
		{119F4372-69D1-459B-9EB0-66750F75C642}.Release|Any CPU.Build.0 = Release|Any CPU
	EndGlobalSection
	GlobalSection(SolutionProperties) = preSolution
		HideSolutionNode = FALSE
	EndGlobalSection
	GlobalSection(ExtensibilityGlobals) = postSolution
		SolutionGuid = {41AECD92-43C4-4A77-B970-183A2891F506}
	EndGlobalSection
EndGlobal
